
Microsoft Visual Studio Solution File, Format Version 12.00
# Visual Studio Version 16
VisualStudioVersion = 16.0.28729.10
MinimumVisualStudioVersion = 10.0.40219.1
Project("{9A19103F-16F7-4668-BE54-9A1E7A4F7556}") = "LightSpeed", "Src\LightSpeed\LightSpeed.csproj", "{09C3E4D3-63C3-433E-9C3A-092F521F688A}"
EndProject
Project("{2150E333-8FDC-42A3-9474-1A3956D46DE8}") = "Libs", "Libs", "{52B34E1D-3B91-49D5-ABC5-272936121151}"
EndProject
Project("{2150E333-8FDC-42A3-9474-1A3956D46DE8}") = "Modules", "Modules", "{8994A439-1CD6-4769-8FF8-7C825070273F}"
EndProject
Project("{9A19103F-16F7-4668-BE54-9A1E7A4F7556}") = "LightSpeed.Core", "Src\LightSpeed.Core\LightSpeed.Core.csproj", "{AAF9D0D7-7BB4-475E-A4A1-E441E050A5D5}"
EndProject
Project("{9A19103F-16F7-4668-BE54-9A1E7A4F7556}") = "LightSpeed.Common", "Src\LightSpeed.Common\LightSpeed.Common.csproj", "{80773020-239C-46CF-9C10-FB2434FB70B8}"
EndProject
Project("{9A19103F-16F7-4668-BE54-9A1E7A4F7556}") = "LightSpeed.Data", "Src\LightSpeed.Data\LightSpeed.Data.csproj", "{528EF2E3-8632-4B10-8A5B-1CAE02E56ADB}"
EndProject
Project("{9A19103F-16F7-4668-BE54-9A1E7A4F7556}") = "LightSpeed.Somethings", "Src\Modules\LightSpeed.Somethings\LightSpeed.Somethings.csproj", "{73EE14B8-AB27-4799-A68D-FFE9EA93648E}"
EndProject
Global
	GlobalSection(SolutionConfigurationPlatforms) = preSolution
		Debug|Any CPU = Debug|Any CPU
		Release|Any CPU = Release|Any CPU
	EndGlobalSection
	GlobalSection(ProjectConfigurationPlatforms) = postSolution
		{09C3E4D3-63C3-433E-9C3A-092F521F688A}.Debug|Any CPU.ActiveCfg = Debug|Any CPU
		{09C3E4D3-63C3-433E-9C3A-092F521F688A}.Debug|Any CPU.Build.0 = Debug|Any CPU
		{09C3E4D3-63C3-433E-9C3A-092F521F688A}.Release|Any CPU.ActiveCfg = Release|Any CPU
		{09C3E4D3-63C3-433E-9C3A-092F521F688A}.Release|Any CPU.Build.0 = Release|Any CPU
		{AAF9D0D7-7BB4-475E-A4A1-E441E050A5D5}.Debug|Any CPU.ActiveCfg = Debug|Any CPU
		{AAF9D0D7-7BB4-475E-A4A1-E441E050A5D5}.Debug|Any CPU.Build.0 = Debug|Any CPU
		{AAF9D0D7-7BB4-475E-A4A1-E441E050A5D5}.Release|Any CPU.ActiveCfg = Release|Any CPU
		{AAF9D0D7-7BB4-475E-A4A1-E441E050A5D5}.Release|Any CPU.Build.0 = Release|Any CPU
		{80773020-239C-46CF-9C10-FB2434FB70B8}.Debug|Any CPU.ActiveCfg = Debug|Any CPU
		{80773020-239C-46CF-9C10-FB2434FB70B8}.Debug|Any CPU.Build.0 = Debug|Any CPU
		{80773020-239C-46CF-9C10-FB2434FB70B8}.Release|Any CPU.ActiveCfg = Release|Any CPU
		{80773020-239C-46CF-9C10-FB2434FB70B8}.Release|Any CPU.Build.0 = Release|Any CPU
		{528EF2E3-8632-4B10-8A5B-1CAE02E56ADB}.Debug|Any CPU.ActiveCfg = Debug|Any CPU
		{528EF2E3-8632-4B10-8A5B-1CAE02E56ADB}.Debug|Any CPU.Build.0 = Debug|Any CPU
		{528EF2E3-8632-4B10-8A5B-1CAE02E56ADB}.Release|Any CPU.ActiveCfg = Release|Any CPU
		{528EF2E3-8632-4B10-8A5B-1CAE02E56ADB}.Release|Any CPU.Build.0 = Release|Any CPU
		{73EE14B8-AB27-4799-A68D-FFE9EA93648E}.Debug|Any CPU.ActiveCfg = Debug|Any CPU
		{73EE14B8-AB27-4799-A68D-FFE9EA93648E}.Debug|Any CPU.Build.0 = Debug|Any CPU
		{73EE14B8-AB27-4799-A68D-FFE9EA93648E}.Release|Any CPU.ActiveCfg = Release|Any CPU
		{73EE14B8-AB27-4799-A68D-FFE9EA93648E}.Release|Any CPU.Build.0 = Release|Any CPU
	EndGlobalSection
	GlobalSection(SolutionProperties) = preSolution
		HideSolutionNode = FALSE
	EndGlobalSection
	GlobalSection(NestedProjects) = preSolution
		{73EE14B8-AB27-4799-A68D-FFE9EA93648E} = {8994A439-1CD6-4769-8FF8-7C825070273F}
	EndGlobalSection
	GlobalSection(ExtensibilityGlobals) = postSolution
		SolutionGuid = {879C7615-DD5B-4DF3-AAF4-0C783BDF6A69}
	EndGlobalSection
EndGlobal
